
Microsoft Visual Studio Solution File, Format Version 12.00
# Visual Studio Version 16
VisualStudioVersion = 16.0.31624.102
MinimumVisualStudioVersion = 10.0.40219.1
Project("{9A19103F-16F7-4668-BE54-9A1E7A4F7556}") = "GameUlearn", "GameUlearn\GameUlearn.csproj", "{3B6215F3-4B9B-4DC7-B825-9072BF476B08}"
EndProject
Project("{FAE04EC0-301F-11D3-BF4B-00C04F79EFBC}") = "GameTest", "GameTest\GameTest.csproj", "{16B670BF-86A2-4A8F-95BA-D77545C7A1D9}"
EndProject
Global
	GlobalSection(SolutionConfigurationPlatforms) = preSolution
		Debug|Any CPU = Debug|Any CPU
		Debug|ARM = Debug|ARM
		Debug|ARM64 = Debug|ARM64
		Debug|x64 = Debug|x64
		Debug|x86 = Debug|x86
		Release|Any CPU = Release|Any CPU
		Release|ARM = Release|ARM
		Release|ARM64 = Release|ARM64
		Release|x64 = Release|x64
		Release|x86 = Release|x86
	EndGlobalSection
	GlobalSection(ProjectConfigurationPlatforms) = postSolution
		{3B6215F3-4B9B-4DC7-B825-9072BF476B08}.Debug|Any CPU.ActiveCfg = Debug|Any CPU
		{3B6215F3-4B9B-4DC7-B825-9072BF476B08}.Debug|Any CPU.Build.0 = Debug|Any CPU
		{3B6215F3-4B9B-4DC7-B825-9072BF476B08}.Debug|ARM.ActiveCfg = Debug|Any CPU
		{3B6215F3-4B9B-4DC7-B825-9072BF476B08}.Debug|ARM.Build.0 = Debug|Any CPU
		{3B6215F3-4B9B-4DC7-B825-9072BF476B08}.Debug|ARM64.ActiveCfg = Debug|Any CPU
		{3B6215F3-4B9B-4DC7-B825-9072BF476B08}.Debug|ARM64.Build.0 = Debug|Any CPU
		{3B6215F3-4B9B-4DC7-B825-9072BF476B08}.Debug|x64.ActiveCfg = Debug|Any CPU
		{3B6215F3-4B9B-4DC7-B825-9072BF476B08}.Debug|x64.Build.0 = Debug|Any CPU
		{3B6215F3-4B9B-4DC7-B825-9072BF476B08}.Debug|x86.ActiveCfg = Debug|Any CPU
		{3B6215F3-4B9B-4DC7-B825-9072BF476B08}.Debug|x86.Build.0 = Debug|Any CPU
		{3B6215F3-4B9B-4DC7-B825-9072BF476B08}.Release|Any CPU.ActiveCfg = Release|Any CPU
		{3B6215F3-4B9B-4DC7-B825-9072BF476B08}.Release|Any CPU.Build.0 = Release|Any CPU
		{3B6215F3-4B9B-4DC7-B825-9072BF476B08}.Release|ARM.ActiveCfg = Release|Any CPU
		{3B6215F3-4B9B-4DC7-B825-9072BF476B08}.Release|ARM.Build.0 = Release|Any CPU
		{3B6215F3-4B9B-4DC7-B825-9072BF476B08}.Release|ARM64.ActiveCfg = Release|Any CPU
		{3B6215F3-4B9B-4DC7-B825-9072BF476B08}.Release|ARM64.Build.0 = Release|Any CPU
		{3B6215F3-4B9B-4DC7-B825-9072BF476B08}.Release|x64.ActiveCfg = Release|Any CPU
		{3B6215F3-4B9B-4DC7-B825-9072BF476B08}.Release|x64.Build.0 = Release|Any CPU
		{3B6215F3-4B9B-4DC7-B825-9072BF476B08}.Release|x86.ActiveCfg = Release|Any CPU
		{3B6215F3-4B9B-4DC7-B825-9072BF476B08}.Release|x86.Build.0 = Release|Any CPU
		{16B670BF-86A2-4A8F-95BA-D77545C7A1D9}.Debug|Any CPU.ActiveCfg = Debug|Any CPU
		{16B670BF-86A2-4A8F-95BA-D77545C7A1D9}.Debug|Any CPU.Build.0 = Debug|Any CPU
		{16B670BF-86A2-4A8F-95BA-D77545C7A1D9}.Debug|ARM.ActiveCfg = Debug|Any CPU
		{16B670BF-86A2-4A8F-95BA-D77545C7A1D9}.Debug|ARM.Build.0 = Debug|Any CPU
		{16B670BF-86A2-4A8F-95BA-D77545C7A1D9}.Debug|ARM64.ActiveCfg = Debug|Any CPU
		{16B670BF-86A2-4A8F-95BA-D77545C7A1D9}.Debug|ARM64.Build.0 = Debug|Any CPU
		{16B670BF-86A2-4A8F-95BA-D77545C7A1D9}.Debug|x64.ActiveCfg = Debug|Any CPU
		{16B670BF-86A2-4A8F-95BA-D77545C7A1D9}.Debug|x64.Build.0 = Debug|Any CPU
		{16B670BF-86A2-4A8F-95BA-D77545C7A1D9}.Debug|x86.ActiveCfg = Debug|Any CPU
		{16B670BF-86A2-4A8F-95BA-D77545C7A1D9}.Debug|x86.Build.0 = Debug|Any CPU
		{16B670BF-86A2-4A8F-95BA-D77545C7A1D9}.Release|Any CPU.ActiveCfg = Release|Any CPU
		{16B670BF-86A2-4A8F-95BA-D77545C7A1D9}.Release|Any CPU.Build.0 = Release|Any CPU
		{16B670BF-86A2-4A8F-95BA-D77545C7A1D9}.Release|ARM.ActiveCfg = Release|Any CPU
		{16B670BF-86A2-4A8F-95BA-D77545C7A1D9}.Release|ARM.Build.0 = Release|Any CPU
		{16B670BF-86A2-4A8F-95BA-D77545C7A1D9}.Release|ARM64.ActiveCfg = Release|Any CPU
		{16B670BF-86A2-4A8F-95BA-D77545C7A1D9}.Release|ARM64.Build.0 = Release|Any CPU
		{16B670BF-86A2-4A8F-95BA-D77545C7A1D9}.Release|x64.ActiveCfg = Release|Any CPU
		{16B670BF-86A2-4A8F-95BA-D77545C7A1D9}.Release|x64.Build.0 = Release|Any CPU
		{16B670BF-86A2-4A8F-95BA-D77545C7A1D9}.Release|x86.ActiveCfg = Release|Any CPU
		{16B670BF-86A2-4A8F-95BA-D77545C7A1D9}.Release|x86.Build.0 = Release|Any CPU
	EndGlobalSection
	GlobalSection(SolutionProperties) = preSolution
		HideSolutionNode = FALSE
	EndGlobalSection
	GlobalSection(ExtensibilityGlobals) = postSolution
		SolutionGuid = {5E1866A5-F162-43AC-BAF2-A383185938D2}
	EndGlobalSection
EndGlobal
