
Microsoft Visual Studio Solution File, Format Version 12.00
# Visual Studio Version 16
VisualStudioVersion = 16.0.31624.102
MinimumVisualStudioVersion = 10.0.40219.1
Project("{FAE04EC0-301F-11D3-BF4B-00C04F79EFBC}") = "GameUlearn", "GameUlearn\GameUlearn.csproj", "{3B6215F3-4B9B-4DC7-B825-9072BF476B08}"
EndProject
Global
	GlobalSection(SolutionConfigurationPlatforms) = preSolution
		Debug|Any CPU = Debug|Any CPU
		Release|Any CPU = Release|Any CPU
	EndGlobalSection
	GlobalSection(ProjectConfigurationPlatforms) = postSolution
		{3B6215F3-4B9B-4DC7-B825-9072BF476B08}.Debug|Any CPU.ActiveCfg = Debug|Any CPU
		{3B6215F3-4B9B-4DC7-B825-9072BF476B08}.Debug|Any CPU.Build.0 = Debug|Any CPU
		{3B6215F3-4B9B-4DC7-B825-9072BF476B08}.Release|Any CPU.ActiveCfg = Release|Any CPU
		{3B6215F3-4B9B-4DC7-B825-9072BF476B08}.Release|Any CPU.Build.0 = Release|Any CPU
	EndGlobalSection
	GlobalSection(SolutionProperties) = preSolution
		HideSolutionNode = FALSE
	EndGlobalSection
	GlobalSection(ExtensibilityGlobals) = postSolution
		SolutionGuid = {5E1866A5-F162-43AC-BAF2-A383185938D2}
	EndGlobalSection
EndGlobal
